
Microsoft Visual Studio Solution File, Format Version 12.00
# Visual Studio Version 17
VisualStudioVersion = 17.7.34024.191
MinimumVisualStudioVersion = 10.0.40219.1
Project("{FAE04EC0-301F-11D3-BF4B-00C04F79EFBC}") = "ShareProject", "ShareProject.csproj", "{E6CB3BC1-90B2-4576-893D-F0203691A2F1}"
EndProject
Global
	GlobalSection(SolutionConfigurationPlatforms) = preSolution
		Debug|Any CPU = Debug|Any CPU
		Release|Any CPU = Release|Any CPU
	EndGlobalSection
	GlobalSection(ProjectConfigurationPlatforms) = postSolution
		{E6CB3BC1-90B2-4576-893D-F0203691A2F1}.Debug|Any CPU.ActiveCfg = Debug|Any CPU
		{E6CB3BC1-90B2-4576-893D-F0203691A2F1}.Debug|Any CPU.Build.0 = Debug|Any CPU
		{E6CB3BC1-90B2-4576-893D-F0203691A2F1}.Release|Any CPU.ActiveCfg = Release|Any CPU
		{E6CB3BC1-90B2-4576-893D-F0203691A2F1}.Release|Any CPU.Build.0 = Release|Any CPU
	EndGlobalSection
	GlobalSection(SolutionProperties) = preSolution
		HideSolutionNode = FALSE
	EndGlobalSection
	GlobalSection(ExtensibilityGlobals) = postSolution
		SolutionGuid = {85A703BF-F87D-45EC-972E-F985D224D461}
	EndGlobalSection
EndGlobal
